
Microsoft Visual Studio Solution File, Format Version 12.00
# Visual Studio Version 16
VisualStudioVersion = 16.0.29326.143
MinimumVisualStudioVersion = 10.0.40219.1
Project("{9A19103F-16F7-4668-BE54-9A1E7A4F7556}") = "TipTricks", "TipTricks\TipTricks.csproj", "{20111F31-C0FC-4471-87C0-3F88D8B59CAA}"
EndProject
Project("{FAE04EC0-301F-11D3-BF4B-00C04F79EFBC}") = "FriendlyAssembly", "FriendlyAssembly\FriendlyAssembly.csproj", "{5417A0C8-06ED-45DC-B43C-5B970B40B10C}"
EndProject
Global
	GlobalSection(SolutionConfigurationPlatforms) = preSolution
		Debug|Any CPU = Debug|Any CPU
		Release|Any CPU = Release|Any CPU
	EndGlobalSection
	GlobalSection(ProjectConfigurationPlatforms) = postSolution
		{20111F31-C0FC-4471-87C0-3F88D8B59CAA}.Debug|Any CPU.ActiveCfg = Debug|Any CPU
		{20111F31-C0FC-4471-87C0-3F88D8B59CAA}.Debug|Any CPU.Build.0 = Debug|Any CPU
		{20111F31-C0FC-4471-87C0-3F88D8B59CAA}.Release|Any CPU.ActiveCfg = Release|Any CPU
		{20111F31-C0FC-4471-87C0-3F88D8B59CAA}.Release|Any CPU.Build.0 = Release|Any CPU
		{5417A0C8-06ED-45DC-B43C-5B970B40B10C}.Debug|Any CPU.ActiveCfg = Debug|Any CPU
		{5417A0C8-06ED-45DC-B43C-5B970B40B10C}.Debug|Any CPU.Build.0 = Debug|Any CPU
		{5417A0C8-06ED-45DC-B43C-5B970B40B10C}.Release|Any CPU.ActiveCfg = Release|Any CPU
		{5417A0C8-06ED-45DC-B43C-5B970B40B10C}.Release|Any CPU.Build.0 = Release|Any CPU
	EndGlobalSection
	GlobalSection(SolutionProperties) = preSolution
		HideSolutionNode = FALSE
	EndGlobalSection
	GlobalSection(ExtensibilityGlobals) = postSolution
		SolutionGuid = {3B8A148F-61B4-4048-9EE1-21B8780975B4}
	EndGlobalSection
EndGlobal
